
Microsoft Visual Studio Solution File, Format Version 12.00
# Visual Studio Version 16
VisualStudioVersion = 16.0.30907.101
MinimumVisualStudioVersion = 10.0.40219.1
Project("{9A19103F-16F7-4668-BE54-9A1E7A4F7556}") = "DataAccess", "DataAccess\DataAccess.csproj", "{D7BB6386-54C1-4112-ADFB-F296A6E18C54}"
EndProject
Project("{9A19103F-16F7-4668-BE54-9A1E7A4F7556}") = "Business", "Business\Business.csproj", "{C58FFA29-2403-4123-8A0B-54E89A1CC7F9}"
EndProject
Project("{9A19103F-16F7-4668-BE54-9A1E7A4F7556}") = "Entities", "Entities\Entities.csproj", "{FA7852C9-42D5-4AD8-8E4D-9D272914EB86}"
EndProject
Project("{9A19103F-16F7-4668-BE54-9A1E7A4F7556}") = "ConsoleUI", "ConsoleUI\ConsoleUI.csproj", "{7EDC750C-3D6B-4350-9627-A7350257DCAB}"
EndProject
Global
	GlobalSection(SolutionConfigurationPlatforms) = preSolution
		Debug|Any CPU = Debug|Any CPU
		Release|Any CPU = Release|Any CPU
	EndGlobalSection
	GlobalSection(ProjectConfigurationPlatforms) = postSolution
		{D7BB6386-54C1-4112-ADFB-F296A6E18C54}.Debug|Any CPU.ActiveCfg = Debug|Any CPU
		{D7BB6386-54C1-4112-ADFB-F296A6E18C54}.Debug|Any CPU.Build.0 = Debug|Any CPU
		{D7BB6386-54C1-4112-ADFB-F296A6E18C54}.Release|Any CPU.ActiveCfg = Release|Any CPU
		{D7BB6386-54C1-4112-ADFB-F296A6E18C54}.Release|Any CPU.Build.0 = Release|Any CPU
		{C58FFA29-2403-4123-8A0B-54E89A1CC7F9}.Debug|Any CPU.ActiveCfg = Debug|Any CPU
		{C58FFA29-2403-4123-8A0B-54E89A1CC7F9}.Debug|Any CPU.Build.0 = Debug|Any CPU
		{C58FFA29-2403-4123-8A0B-54E89A1CC7F9}.Release|Any CPU.ActiveCfg = Release|Any CPU
		{C58FFA29-2403-4123-8A0B-54E89A1CC7F9}.Release|Any CPU.Build.0 = Release|Any CPU
		{FA7852C9-42D5-4AD8-8E4D-9D272914EB86}.Debug|Any CPU.ActiveCfg = Debug|Any CPU
		{FA7852C9-42D5-4AD8-8E4D-9D272914EB86}.Debug|Any CPU.Build.0 = Debug|Any CPU
		{FA7852C9-42D5-4AD8-8E4D-9D272914EB86}.Release|Any CPU.ActiveCfg = Release|Any CPU
		{FA7852C9-42D5-4AD8-8E4D-9D272914EB86}.Release|Any CPU.Build.0 = Release|Any CPU
		{7EDC750C-3D6B-4350-9627-A7350257DCAB}.Debug|Any CPU.ActiveCfg = Debug|Any CPU
		{7EDC750C-3D6B-4350-9627-A7350257DCAB}.Debug|Any CPU.Build.0 = Debug|Any CPU
		{7EDC750C-3D6B-4350-9627-A7350257DCAB}.Release|Any CPU.ActiveCfg = Release|Any CPU
		{7EDC750C-3D6B-4350-9627-A7350257DCAB}.Release|Any CPU.Build.0 = Release|Any CPU
	EndGlobalSection
	GlobalSection(SolutionProperties) = preSolution
		HideSolutionNode = FALSE
	EndGlobalSection
	GlobalSection(ExtensibilityGlobals) = postSolution
		SolutionGuid = {0AB3D1FE-D1E0-410B-ABFE-69393752ADC1}
	EndGlobalSection
EndGlobal
